
Microsoft Visual Studio Solution File, Format Version 12.00
# Visual Studio Version 16
VisualStudioVersion = 16.0.30711.63
MinimumVisualStudioVersion = 10.0.40219.1
Project("{9A19103F-16F7-4668-BE54-9A1E7A4F7556}") = "ReportAspNetCore", "ReportAspNetCore\ReportAspNetCore.csproj", "{90578693-7E47-4ECB-ABF8-40EE495AE3AD}"
EndProject
Project("{FAE04EC0-301F-11D3-BF4B-00C04F79EFBC}") = "Models", "Models\Models.csproj", "{66ED9C9F-94E0-40F0-B4FB-E6D6948A795A}"
EndProject
Project("{FAE04EC0-301F-11D3-BF4B-00C04F79EFBC}") = "Data", "Data\Data.csproj", "{A19D112B-4D2B-4298-A171-076009DC5838}"
EndProject
Project("{FAE04EC0-301F-11D3-BF4B-00C04F79EFBC}") = "Moj", "Moj\Moj.csproj", "{E3E2D25F-B901-4247-A826-1FA005511584}"
EndProject
Project("{FAE04EC0-301F-11D3-BF4B-00C04F79EFBC}") = "Resources", "Resources\Resources.csproj", "{1EDB8E25-CF6F-49F5-BF19-94485AF453DC}"
EndProject
Project("{FAE04EC0-301F-11D3-BF4B-00C04F79EFBC}") = "ViewModel", "ViewModel\ViewModel.csproj", "{CAE6B86A-8E37-49D4-AEEB-7D7C8B060E1C}"
EndProject
Global
	GlobalSection(SolutionConfigurationPlatforms) = preSolution
		Debug|Any CPU = Debug|Any CPU
		Release|Any CPU = Release|Any CPU
	EndGlobalSection
	GlobalSection(ProjectConfigurationPlatforms) = postSolution
		{90578693-7E47-4ECB-ABF8-40EE495AE3AD}.Debug|Any CPU.ActiveCfg = Debug|Any CPU
		{90578693-7E47-4ECB-ABF8-40EE495AE3AD}.Debug|Any CPU.Build.0 = Debug|Any CPU
		{90578693-7E47-4ECB-ABF8-40EE495AE3AD}.Release|Any CPU.ActiveCfg = Release|Any CPU
		{90578693-7E47-4ECB-ABF8-40EE495AE3AD}.Release|Any CPU.Build.0 = Release|Any CPU
		{66ED9C9F-94E0-40F0-B4FB-E6D6948A795A}.Debug|Any CPU.ActiveCfg = Debug|Any CPU
		{66ED9C9F-94E0-40F0-B4FB-E6D6948A795A}.Debug|Any CPU.Build.0 = Debug|Any CPU
		{66ED9C9F-94E0-40F0-B4FB-E6D6948A795A}.Release|Any CPU.ActiveCfg = Release|Any CPU
		{66ED9C9F-94E0-40F0-B4FB-E6D6948A795A}.Release|Any CPU.Build.0 = Release|Any CPU
		{A19D112B-4D2B-4298-A171-076009DC5838}.Debug|Any CPU.ActiveCfg = Debug|Any CPU
		{A19D112B-4D2B-4298-A171-076009DC5838}.Debug|Any CPU.Build.0 = Debug|Any CPU
		{A19D112B-4D2B-4298-A171-076009DC5838}.Release|Any CPU.ActiveCfg = Release|Any CPU
		{A19D112B-4D2B-4298-A171-076009DC5838}.Release|Any CPU.Build.0 = Release|Any CPU
		{E3E2D25F-B901-4247-A826-1FA005511584}.Debug|Any CPU.ActiveCfg = Debug|Any CPU
		{E3E2D25F-B901-4247-A826-1FA005511584}.Debug|Any CPU.Build.0 = Debug|Any CPU
		{E3E2D25F-B901-4247-A826-1FA005511584}.Release|Any CPU.ActiveCfg = Release|Any CPU
		{E3E2D25F-B901-4247-A826-1FA005511584}.Release|Any CPU.Build.0 = Release|Any CPU
		{1EDB8E25-CF6F-49F5-BF19-94485AF453DC}.Debug|Any CPU.ActiveCfg = Debug|Any CPU
		{1EDB8E25-CF6F-49F5-BF19-94485AF453DC}.Debug|Any CPU.Build.0 = Debug|Any CPU
		{1EDB8E25-CF6F-49F5-BF19-94485AF453DC}.Release|Any CPU.ActiveCfg = Release|Any CPU
		{1EDB8E25-CF6F-49F5-BF19-94485AF453DC}.Release|Any CPU.Build.0 = Release|Any CPU
		{CAE6B86A-8E37-49D4-AEEB-7D7C8B060E1C}.Debug|Any CPU.ActiveCfg = Debug|Any CPU
		{CAE6B86A-8E37-49D4-AEEB-7D7C8B060E1C}.Debug|Any CPU.Build.0 = Debug|Any CPU
		{CAE6B86A-8E37-49D4-AEEB-7D7C8B060E1C}.Release|Any CPU.ActiveCfg = Release|Any CPU
		{CAE6B86A-8E37-49D4-AEEB-7D7C8B060E1C}.Release|Any CPU.Build.0 = Release|Any CPU
	EndGlobalSection
	GlobalSection(SolutionProperties) = preSolution
		HideSolutionNode = FALSE
	EndGlobalSection
	GlobalSection(ExtensibilityGlobals) = postSolution
		SolutionGuid = {4E931645-8207-4359-AB3F-7119A3D4959F}
	EndGlobalSection
EndGlobal
